
Microsoft Visual Studio Solution File, Format Version 12.00
# Visual Studio 15
VisualStudioVersion = 15.0.27130.2027
MinimumVisualStudioVersion = 10.0.40219.1
Project("{2150E333-8FDC-42A3-9474-1A3956D46DE8}") = "Solution Items", "Solution Items", "{6B9AA9C7-5E90-4D10-9DDE-A2AA5FE3ECA6}"
	ProjectSection(SolutionItems) = preProject
		.gitignore = .gitignore
		.travis.yml = .travis.yml
		appveyor.yml = appveyor.yml
		.circleci\config.yml = .circleci\config.yml
		LICENSE = LICENSE
		README.md = README.md
	EndProjectSection
EndProject
Project("{9A19103F-16F7-4668-BE54-9A1E7A4F7556}") = "PeerTalk", "src\PeerTalk.csproj", "{AA6F77C1-13CB-4B20-AB5E-3C6D237A562B}"
EndProject
Project("{9A19103F-16F7-4668-BE54-9A1E7A4F7556}") = "PeerTalkTests", "test\PeerTalkTests.csproj", "{B0977D09-CBA2-4D4B-BE66-08CE6D63DE1E}"
EndProject
Global
	GlobalSection(SolutionConfigurationPlatforms) = preSolution
		Debug|Any CPU = Debug|Any CPU
		Release|Any CPU = Release|Any CPU
	EndGlobalSection
	GlobalSection(ProjectConfigurationPlatforms) = postSolution
		{AA6F77C1-13CB-4B20-AB5E-3C6D237A562B}.Debug|Any CPU.ActiveCfg = Debug|Any CPU
		{AA6F77C1-13CB-4B20-AB5E-3C6D237A562B}.Debug|Any CPU.Build.0 = Debug|Any CPU
		{AA6F77C1-13CB-4B20-AB5E-3C6D237A562B}.Release|Any CPU.ActiveCfg = Release|Any CPU
		{AA6F77C1-13CB-4B20-AB5E-3C6D237A562B}.Release|Any CPU.Build.0 = Release|Any CPU
		{B0977D09-CBA2-4D4B-BE66-08CE6D63DE1E}.Debug|Any CPU.ActiveCfg = Debug|Any CPU
		{B0977D09-CBA2-4D4B-BE66-08CE6D63DE1E}.Debug|Any CPU.Build.0 = Debug|Any CPU
		{B0977D09-CBA2-4D4B-BE66-08CE6D63DE1E}.Release|Any CPU.ActiveCfg = Release|Any CPU
		{B0977D09-CBA2-4D4B-BE66-08CE6D63DE1E}.Release|Any CPU.Build.0 = Release|Any CPU
	EndGlobalSection
	GlobalSection(SolutionProperties) = preSolution
		HideSolutionNode = FALSE
	EndGlobalSection
	GlobalSection(ExtensibilityGlobals) = postSolution
		SolutionGuid = {36ED5AA7-8F41-4F7D-A665-230635EF64A1}
	EndGlobalSection
EndGlobal
